
Microsoft Visual Studio Solution File, Format Version 12.00
# Visual Studio Version 16
VisualStudioVersion = 16.0.31105.61
MinimumVisualStudioVersion = 10.0.40219.1
Project("{9A19103F-16F7-4668-BE54-9A1E7A4F7556}") = "KampIntro", "KampIntro\KampIntro.csproj", "{3F28BB93-D66C-4C40-98AD-C8D703C08F7C}"
EndProject
Project("{9A19103F-16F7-4668-BE54-9A1E7A4F7556}") = "Donguler", "Donguler\Donguler.csproj", "{00F40B1B-CFF4-4CA1-ABAA-66FF77D3763F}"
EndProject
Project("{9A19103F-16F7-4668-BE54-9A1E7A4F7556}") = "ClassIntro", "ClassIntro\ClassIntro.csproj", "{7CE56FB5-F5AE-4D51-BA1E-FC7A93E1BF69}"
EndProject
Project("{9A19103F-16F7-4668-BE54-9A1E7A4F7556}") = "Metotlar", "Metotlar\Metotlar.csproj", "{579A08AE-AFBA-4AAC-AB00-7C49328A38C2}"
EndProject
Project("{9A19103F-16F7-4668-BE54-9A1E7A4F7556}") = "Matematik", "Matematik\Matematik.csproj", "{3CF49BFE-C016-4455-8074-643536D00206}"
EndProject
Project("{9A19103F-16F7-4668-BE54-9A1E7A4F7556}") = "DegerVeReferansTipler", "DegerVeReferansTipler\DegerVeReferansTipler.csproj", "{9A89B73C-A2AB-4DDB-9F11-7F09FED148AD}"
EndProject
Project("{9A19103F-16F7-4668-BE54-9A1E7A4F7556}") = "OOP1", "OOP1\OOP1.csproj", "{E3C688E2-8159-48AE-AA4D-16ECFCAA6530}"
EndProject
Project("{9A19103F-16F7-4668-BE54-9A1E7A4F7556}") = "Koleksiyonlar", "Koleksiyonlar\Koleksiyonlar.csproj", "{B9152B7A-EBE4-4820-9521-ADA39FF89D61}"
EndProject
Project("{9A19103F-16F7-4668-BE54-9A1E7A4F7556}") = "GenericsIntro", "GenericsIntro\GenericsIntro.csproj", "{493F3716-F280-424C-A3E7-8D7021D0AFF1}"
EndProject
Project("{9A19103F-16F7-4668-BE54-9A1E7A4F7556}") = "OOP2", "OOP2\OOP2.csproj", "{84F4F56D-F578-4212-B799-D09277DCFF2A}"
EndProject
Project("{9A19103F-16F7-4668-BE54-9A1E7A4F7556}") = "OOP3", "OOP3\OOP3.csproj", "{A620E77F-80BF-4128-B41F-AB8ECAD5650E}"
EndProject
Project("{9A19103F-16F7-4668-BE54-9A1E7A4F7556}") = "ClassMethodDemo", "ClassMethodDemo\ClassMethodDemo.csproj", "{FDD31385-ECA1-4411-822C-A8867066D7C7}"
EndProject
Project("{9A19103F-16F7-4668-BE54-9A1E7A4F7556}") = "GameProject", "GameProject\GameProject.csproj", "{E41709D9-CF3E-4615-8667-ABB3BEE894AC}"
EndProject
Project("{FAE04EC0-301F-11D3-BF4B-00C04F79EFBC}") = "InterfacesDemo", "InterfacesDemo\InterfacesDemo.csproj", "{E2F146E6-E894-4486-97D0-401D8B39A5A1}"
EndProject
Project("{FAE04EC0-301F-11D3-BF4B-00C04F79EFBC}") = "Inheritance", "Inheritance\Inheritance.csproj", "{4CFCE5B2-3014-4740-89F9-FAD1A06D21B0}"
EndProject
Project("{FAE04EC0-301F-11D3-BF4B-00C04F79EFBC}") = "Interfaces", "Interfaces\Interfaces.csproj", "{C7A1AA51-6EDA-4E0A-8483-9DC7E710BD4D}"
EndProject
Project("{FAE04EC0-301F-11D3-BF4B-00C04F79EFBC}") = "InterfaceAbstractDemo", "InterfaceAbstractDemo\InterfaceAbstractDemo.csproj", "{5FD1A3DC-08C9-47F6-88DC-DCBC8A589C23}"
EndProject
Global
	GlobalSection(SolutionConfigurationPlatforms) = preSolution
		Debug|Any CPU = Debug|Any CPU
		Release|Any CPU = Release|Any CPU
	EndGlobalSection
	GlobalSection(ProjectConfigurationPlatforms) = postSolution
		{3F28BB93-D66C-4C40-98AD-C8D703C08F7C}.Debug|Any CPU.ActiveCfg = Debug|Any CPU
		{3F28BB93-D66C-4C40-98AD-C8D703C08F7C}.Debug|Any CPU.Build.0 = Debug|Any CPU
		{3F28BB93-D66C-4C40-98AD-C8D703C08F7C}.Release|Any CPU.ActiveCfg = Release|Any CPU
		{3F28BB93-D66C-4C40-98AD-C8D703C08F7C}.Release|Any CPU.Build.0 = Release|Any CPU
		{00F40B1B-CFF4-4CA1-ABAA-66FF77D3763F}.Debug|Any CPU.ActiveCfg = Debug|Any CPU
		{00F40B1B-CFF4-4CA1-ABAA-66FF77D3763F}.Debug|Any CPU.Build.0 = Debug|Any CPU
		{00F40B1B-CFF4-4CA1-ABAA-66FF77D3763F}.Release|Any CPU.ActiveCfg = Release|Any CPU
		{00F40B1B-CFF4-4CA1-ABAA-66FF77D3763F}.Release|Any CPU.Build.0 = Release|Any CPU
		{7CE56FB5-F5AE-4D51-BA1E-FC7A93E1BF69}.Debug|Any CPU.ActiveCfg = Debug|Any CPU
		{7CE56FB5-F5AE-4D51-BA1E-FC7A93E1BF69}.Debug|Any CPU.Build.0 = Debug|Any CPU
		{7CE56FB5-F5AE-4D51-BA1E-FC7A93E1BF69}.Release|Any CPU.ActiveCfg = Release|Any CPU
		{7CE56FB5-F5AE-4D51-BA1E-FC7A93E1BF69}.Release|Any CPU.Build.0 = Release|Any CPU
		{579A08AE-AFBA-4AAC-AB00-7C49328A38C2}.Debug|Any CPU.ActiveCfg = Debug|Any CPU
		{579A08AE-AFBA-4AAC-AB00-7C49328A38C2}.Debug|Any CPU.Build.0 = Debug|Any CPU
		{579A08AE-AFBA-4AAC-AB00-7C49328A38C2}.Release|Any CPU.ActiveCfg = Release|Any CPU
		{579A08AE-AFBA-4AAC-AB00-7C49328A38C2}.Release|Any CPU.Build.0 = Release|Any CPU
		{3CF49BFE-C016-4455-8074-643536D00206}.Debug|Any CPU.ActiveCfg = Debug|Any CPU
		{3CF49BFE-C016-4455-8074-643536D00206}.Debug|Any CPU.Build.0 = Debug|Any CPU
		{3CF49BFE-C016-4455-8074-643536D00206}.Release|Any CPU.ActiveCfg = Release|Any CPU
		{3CF49BFE-C016-4455-8074-643536D00206}.Release|Any CPU.Build.0 = Release|Any CPU
		{9A89B73C-A2AB-4DDB-9F11-7F09FED148AD}.Debug|Any CPU.ActiveCfg = Debug|Any CPU
		{9A89B73C-A2AB-4DDB-9F11-7F09FED148AD}.Debug|Any CPU.Build.0 = Debug|Any CPU
		{9A89B73C-A2AB-4DDB-9F11-7F09FED148AD}.Release|Any CPU.ActiveCfg = Release|Any CPU
		{9A89B73C-A2AB-4DDB-9F11-7F09FED148AD}.Release|Any CPU.Build.0 = Release|Any CPU
		{E3C688E2-8159-48AE-AA4D-16ECFCAA6530}.Debug|Any CPU.ActiveCfg = Debug|Any CPU
		{E3C688E2-8159-48AE-AA4D-16ECFCAA6530}.Debug|Any CPU.Build.0 = Debug|Any CPU
		{E3C688E2-8159-48AE-AA4D-16ECFCAA6530}.Release|Any CPU.ActiveCfg = Release|Any CPU
		{E3C688E2-8159-48AE-AA4D-16ECFCAA6530}.Release|Any CPU.Build.0 = Release|Any CPU
		{B9152B7A-EBE4-4820-9521-ADA39FF89D61}.Debug|Any CPU.ActiveCfg = Debug|Any CPU
		{B9152B7A-EBE4-4820-9521-ADA39FF89D61}.Debug|Any CPU.Build.0 = Debug|Any CPU
		{B9152B7A-EBE4-4820-9521-ADA39FF89D61}.Release|Any CPU.ActiveCfg = Release|Any CPU
		{B9152B7A-EBE4-4820-9521-ADA39FF89D61}.Release|Any CPU.Build.0 = Release|Any CPU
		{493F3716-F280-424C-A3E7-8D7021D0AFF1}.Debug|Any CPU.ActiveCfg = Debug|Any CPU
		{493F3716-F280-424C-A3E7-8D7021D0AFF1}.Debug|Any CPU.Build.0 = Debug|Any CPU
		{493F3716-F280-424C-A3E7-8D7021D0AFF1}.Release|Any CPU.ActiveCfg = Release|Any CPU
		{493F3716-F280-424C-A3E7-8D7021D0AFF1}.Release|Any CPU.Build.0 = Release|Any CPU
		{84F4F56D-F578-4212-B799-D09277DCFF2A}.Debug|Any CPU.ActiveCfg = Debug|Any CPU
		{84F4F56D-F578-4212-B799-D09277DCFF2A}.Debug|Any CPU.Build.0 = Debug|Any CPU
		{84F4F56D-F578-4212-B799-D09277DCFF2A}.Release|Any CPU.ActiveCfg = Release|Any CPU
		{84F4F56D-F578-4212-B799-D09277DCFF2A}.Release|Any CPU.Build.0 = Release|Any CPU
		{A620E77F-80BF-4128-B41F-AB8ECAD5650E}.Debug|Any CPU.ActiveCfg = Debug|Any CPU
		{A620E77F-80BF-4128-B41F-AB8ECAD5650E}.Debug|Any CPU.Build.0 = Debug|Any CPU
		{A620E77F-80BF-4128-B41F-AB8ECAD5650E}.Release|Any CPU.ActiveCfg = Release|Any CPU
		{A620E77F-80BF-4128-B41F-AB8ECAD5650E}.Release|Any CPU.Build.0 = Release|Any CPU
		{FDD31385-ECA1-4411-822C-A8867066D7C7}.Debug|Any CPU.ActiveCfg = Debug|Any CPU
		{FDD31385-ECA1-4411-822C-A8867066D7C7}.Debug|Any CPU.Build.0 = Debug|Any CPU
		{FDD31385-ECA1-4411-822C-A8867066D7C7}.Release|Any CPU.ActiveCfg = Release|Any CPU
		{FDD31385-ECA1-4411-822C-A8867066D7C7}.Release|Any CPU.Build.0 = Release|Any CPU
		{E41709D9-CF3E-4615-8667-ABB3BEE894AC}.Debug|Any CPU.ActiveCfg = Debug|Any CPU
		{E41709D9-CF3E-4615-8667-ABB3BEE894AC}.Debug|Any CPU.Build.0 = Debug|Any CPU
		{E41709D9-CF3E-4615-8667-ABB3BEE894AC}.Release|Any CPU.ActiveCfg = Release|Any CPU
		{E41709D9-CF3E-4615-8667-ABB3BEE894AC}.Release|Any CPU.Build.0 = Release|Any CPU
		{E2F146E6-E894-4486-97D0-401D8B39A5A1}.Debug|Any CPU.ActiveCfg = Debug|Any CPU
		{E2F146E6-E894-4486-97D0-401D8B39A5A1}.Debug|Any CPU.Build.0 = Debug|Any CPU
		{E2F146E6-E894-4486-97D0-401D8B39A5A1}.Release|Any CPU.ActiveCfg = Release|Any CPU
		{E2F146E6-E894-4486-97D0-401D8B39A5A1}.Release|Any CPU.Build.0 = Release|Any CPU
		{4CFCE5B2-3014-4740-89F9-FAD1A06D21B0}.Debug|Any CPU.ActiveCfg = Debug|Any CPU
		{4CFCE5B2-3014-4740-89F9-FAD1A06D21B0}.Debug|Any CPU.Build.0 = Debug|Any CPU
		{4CFCE5B2-3014-4740-89F9-FAD1A06D21B0}.Release|Any CPU.ActiveCfg = Release|Any CPU
		{4CFCE5B2-3014-4740-89F9-FAD1A06D21B0}.Release|Any CPU.Build.0 = Release|Any CPU
		{C7A1AA51-6EDA-4E0A-8483-9DC7E710BD4D}.Debug|Any CPU.ActiveCfg = Debug|Any CPU
		{C7A1AA51-6EDA-4E0A-8483-9DC7E710BD4D}.Debug|Any CPU.Build.0 = Debug|Any CPU
		{C7A1AA51-6EDA-4E0A-8483-9DC7E710BD4D}.Release|Any CPU.ActiveCfg = Release|Any CPU
		{C7A1AA51-6EDA-4E0A-8483-9DC7E710BD4D}.Release|Any CPU.Build.0 = Release|Any CPU
		{5FD1A3DC-08C9-47F6-88DC-DCBC8A589C23}.Debug|Any CPU.ActiveCfg = Debug|Any CPU
		{5FD1A3DC-08C9-47F6-88DC-DCBC8A589C23}.Debug|Any CPU.Build.0 = Debug|Any CPU
		{5FD1A3DC-08C9-47F6-88DC-DCBC8A589C23}.Release|Any CPU.ActiveCfg = Release|Any CPU
		{5FD1A3DC-08C9-47F6-88DC-DCBC8A589C23}.Release|Any CPU.Build.0 = Release|Any CPU
	EndGlobalSection
	GlobalSection(SolutionProperties) = preSolution
		HideSolutionNode = FALSE
	EndGlobalSection
	GlobalSection(ExtensibilityGlobals) = postSolution
		SolutionGuid = {13A75ECA-B6DF-46FA-AF27-2F781513471B}
	EndGlobalSection
EndGlobal
